<?xml version="1.0" encoding="utf-8"?>
<Project ToolsVersion="4.0" xmlns="http://schemas.microsoft.com/developer/msbuild/2003">
  <ItemGroup>
    <Filter Include="src">
      <UniqueIdentifier>{2DAB880B-99B4-887C-2230-9F7C8E38947C}</UniqueIdentifier>
    </Filter>
    <Filter Include="src\Commands">
      <UniqueIdentifier>{0E2916E8-FA8B-A58C-A311-DE428F53710F}</UniqueIdentifier>
    </Filter>
    <Filter Include="src\GameObjects">
      <UniqueIdentifier>{A0E17904-0C6D-E7C8-157E-6ABD818843C9}</UniqueIdentifier>
    </Filter>
    <Filter Include="src\Locations">
      <UniqueIdentifier>{083FCCE6-74FF-471D-3D3A-919AA9B98CF9}</UniqueIdentifier>
    </Filter>
    <Filter Include="src\Parsers">
      <UniqueIdentifier>{9CB4C005-086A-39FB-915E-33D2FD1230FF}</UniqueIdentifier>
    </Filter>
    <Filter Include="src\Systems">
      <UniqueIdentifier>{34DEBD24-A093-361A-2988-30F1953C2D1E}</UniqueIdentifier>
    </Filter>
  </ItemGroup>
  <ItemGroup>
    <ClInclude Include="src\Commands\ActionCommand.h">
      <Filter>src\Commands</Filter>
    </ClInclude>
    <ClInclude Include="src\Commands\Command.h">
      <Filter>src\Commands</Filter>
    </ClInclude>
    <ClInclude Include="src\Commands\InventoryCommand.h">
      <Filter>src\Commands</Filter>
    </ClInclude>
    <ClInclude Include="src\Commands\MovementCommand.h">
      <Filter>src\Commands</Filter>
    </ClInclude>
    <ClInclude Include="src\Commands\SystemCommand.h">
      <Filter>src\Commands</Filter>
    </ClInclude>
    <ClInclude Include="src\Core.h">
      <Filter>src</Filter>
    </ClInclude>
    <ClInclude Include="src\GameObjects\GameObject.h">
      <Filter>src\GameObjects</Filter>
    </ClInclude>
    <ClInclude Include="src\GameObjects\Item.h">
      <Filter>src\GameObjects</Filter>
    </ClInclude>
    <ClInclude Include="src\Locations\HeavensPeak.h">
      <Filter>src\Locations</Filter>
    </ClInclude>
    <ClInclude Include="src\Locations\LeroysTower.h">
      <Filter>src\Locations</Filter>
    </ClInclude>
    <ClInclude Include="src\Locations\Location.h">
      <Filter>src\Locations</Filter>
    </ClInclude>
    <ClInclude Include="src\Locations\MermaidCove.h">
      <Filter>src\Locations</Filter>
    </ClInclude>
    <ClInclude Include="src\Locations\Treasureland.h">
      <Filter>src\Locations</Filter>
    </ClInclude>
    <ClInclude Include="src\Parsers\SimpleParser.h">
      <Filter>src\Parsers</Filter>
    </ClInclude>
    <ClInclude Include="src\Systems\ActionSystem.h">
      <Filter>src\Systems</Filter>
    </ClInclude>
    <ClInclude Include="src\Systems\InventorySystem.h">
      <Filter>src\Systems</Filter>
    </ClInclude>
    <ClInclude Include="src\Systems\LanguageSystem.h">
      <Filter>src\Systems</Filter>
    </ClInclude>
    <ClInclude Include="src\Systems\MovementSystem.h">
      <Filter>src\Systems</Filter>
    </ClInclude>
  </ItemGroup>
  <ItemGroup>
    <ClCompile Include="main.cpp" />
    <ClCompile Include="src\GameObjects\Item.cpp">
      <Filter>src\GameObjects</Filter>
    </ClCompile>
    <ClCompile Include="src\Locations\HeavensPeak.cpp">
      <Filter>src\Locations</Filter>
    </ClCompile>
    <ClCompile Include="src\Locations\LeroysTower.cpp">
      <Filter>src\Locations</Filter>
    </ClCompile>
    <ClCompile Include="src\Locations\Location.cpp">
      <Filter>src\Locations</Filter>
    </ClCompile>
    <ClCompile Include="src\Locations\MermaidCove.cpp">
      <Filter>src\Locations</Filter>
    </ClCompile>
    <ClCompile Include="src\Locations\Treasureland.cpp">
      <Filter>src\Locations</Filter>
    </ClCompile>
    <ClCompile Include="src\Parsers\SimpleParser.cpp">
      <Filter>src\Parsers</Filter>
    </ClCompile>
    <ClCompile Include="src\Systems\ActionSystem.cpp">
      <Filter>src\Systems</Filter>
    </ClCompile>
    <ClCompile Include="src\Systems\InventorySystem.cpp">
      <Filter>src\Systems</Filter>
    </ClCompile>
    <ClCompile Include="src\Systems\LanguageSystem.cpp">
      <Filter>src\Systems</Filter>
    </ClCompile>
    <ClCompile Include="src\Systems\MovementSystem.cpp">
      <Filter>src\Systems</Filter>
    </ClCompile>
  </ItemGroup>
</Project>